{
  "contracts/lib/forge-std": {
    "rev": "bf647bd6046f2f7da30d0c2bf435e5c76a780c1b"
  },
  "contracts/lib/solmate": {
    "rev": "89365b880c4f3c786bdd453d4b8e8fe410344a69"
  },
  "contracts/lib/v4-core": {
    "rev": "e50237c43811bd9b526eff40f26772152a42daba"
  },
  "lib/aqua": {
    "tag": {
      "name": "v1.0.0",
      "rev": "81c26e4619ce21556ab02b3284ee2685de21fb18"
    }
  },
  "lib/forge-std": {
    "tag": {
      "name": "v1.16.2",
      "rev": "bf647bd6046f2f7da30d0c2bf435e5c76a780c1b"
    }
  },
  "lib/openzeppelin-contracts": {
    "tag": {
      "name": "v5.4.0",
      "rev": "c64a1edb67b6e3f4a15cca8909c9482ad33a02b0"
    }
  },
  "lib/solidity-utils": {
    "tag": {
      "name": "6.9.16",
      "rev": "5b597e43870850a37998ecb87d249ee499ae94f0"
    }
  },
  "lib/solmate": {
    "rev": "89365b880c4f3c786bdd453d4b8e8fe410344a69"
  },
  "lib/swap-vm": {
    "tag": {
      "name": "v1.0.2",
      "rev": "32c687c2b73101fc26549e48fa1ff8a4d73afbac"
    }
  },
  "lib/v4-core": {
    "tag": {
      "name": "v4.0.0",
      "rev": "e50237c43811bd9b526eff40f26772152a42daba"
    }
  }
}